
Microsoft Visual Studio Solution File, Format Version 12.00
# Visual Studio 15
VisualStudioVersion = 15.0.28307.1433
MinimumVisualStudioVersion = 10.0.40219.1
Project("{FAE04EC0-301F-11D3-BF4B-00C04F79EFBC}") = "VendasWeb", "VendasWeb\VendasWeb.csproj", "{7FB5293F-3A62-45C8-9FC1-885D46FD04B6}"
EndProject
Global
	GlobalSection(SolutionConfigurationPlatforms) = preSolution
		Debug|Any CPU = Debug|Any CPU
		Release|Any CPU = Release|Any CPU
	EndGlobalSection
	GlobalSection(ProjectConfigurationPlatforms) = postSolution
		{7FB5293F-3A62-45C8-9FC1-885D46FD04B6}.Debug|Any CPU.ActiveCfg = Debug|Any CPU
		{7FB5293F-3A62-45C8-9FC1-885D46FD04B6}.Debug|Any CPU.Build.0 = Debug|Any CPU
		{7FB5293F-3A62-45C8-9FC1-885D46FD04B6}.Release|Any CPU.ActiveCfg = Release|Any CPU
		{7FB5293F-3A62-45C8-9FC1-885D46FD04B6}.Release|Any CPU.Build.0 = Release|Any CPU
	EndGlobalSection
	GlobalSection(SolutionProperties) = preSolution
		HideSolutionNode = FALSE
	EndGlobalSection
	GlobalSection(ExtensibilityGlobals) = postSolution
		SolutionGuid = {B853D4FF-756E-46E2-B472-51DCEA98F591}
	EndGlobalSection
EndGlobal
